
Microsoft Visual Studio Solution File, Format Version 12.00
# Visual Studio 15
VisualStudioVersion = 15.0.28010.2003
MinimumVisualStudioVersion = 10.0.40219.1
Project("{FAE04EC0-301F-11D3-BF4B-00C04F79EFBC}") = "WpfTreeView", "WpfTreeView\WpfTreeView.csproj", "{41A7C622-D292-4C9A-B93C-CA98B0EB742A}"
EndProject
Global
	GlobalSection(SolutionConfigurationPlatforms) = preSolution
		Debug|Any CPU = Debug|Any CPU
		Release|Any CPU = Release|Any CPU
	EndGlobalSection
	GlobalSection(ProjectConfigurationPlatforms) = postSolution
		{41A7C622-D292-4C9A-B93C-CA98B0EB742A}.Debug|Any CPU.ActiveCfg = Debug|Any CPU
		{41A7C622-D292-4C9A-B93C-CA98B0EB742A}.Debug|Any CPU.Build.0 = Debug|Any CPU
		{41A7C622-D292-4C9A-B93C-CA98B0EB742A}.Release|Any CPU.ActiveCfg = Release|Any CPU
		{41A7C622-D292-4C9A-B93C-CA98B0EB742A}.Release|Any CPU.Build.0 = Release|Any CPU
	EndGlobalSection
	GlobalSection(SolutionProperties) = preSolution
		HideSolutionNode = FALSE
	EndGlobalSection
	GlobalSection(ExtensibilityGlobals) = postSolution
		SolutionGuid = {E00FD2CC-8366-464D-B582-B89EA4B2E59D}
	EndGlobalSection
EndGlobal
